
Microsoft Visual Studio Solution File, Format Version 12.00
# Visual Studio 15
VisualStudioVersion = 15.0.28010.2048
MinimumVisualStudioVersion = 10.0.40219.1
Project("{FAE04EC0-301F-11D3-BF4B-00C04F79EFBC}") = "SpeckleRevitReboot", "SpeckleRevitReboot\SpeckleRevitReboot.csproj", "{4937638C-8A51-4F50-9BD2-E7F7AC28DD01}"
EndProject
Global
	GlobalSection(SolutionConfigurationPlatforms) = preSolution
		Debug|Any CPU = Debug|Any CPU
		Release|Any CPU = Release|Any CPU
	EndGlobalSection
	GlobalSection(ProjectConfigurationPlatforms) = postSolution
		{4937638C-8A51-4F50-9BD2-E7F7AC28DD01}.Debug|Any CPU.ActiveCfg = Debug|Any CPU
		{4937638C-8A51-4F50-9BD2-E7F7AC28DD01}.Debug|Any CPU.Build.0 = Debug|Any CPU
		{4937638C-8A51-4F50-9BD2-E7F7AC28DD01}.Release|Any CPU.ActiveCfg = Release|Any CPU
		{4937638C-8A51-4F50-9BD2-E7F7AC28DD01}.Release|Any CPU.Build.0 = Release|Any CPU
	EndGlobalSection
	GlobalSection(SolutionProperties) = preSolution
		HideSolutionNode = FALSE
	EndGlobalSection
	GlobalSection(ExtensibilityGlobals) = postSolution
		SolutionGuid = {82090FED-8443-42DC-8044-0F5C611A25F8}
	EndGlobalSection
EndGlobal
