
Microsoft Visual Studio Solution File, Format Version 12.00
# Visual Studio 15
VisualStudioVersion = 15.0.28010.2048
MinimumVisualStudioVersion = 10.0.40219.1
Project("{FAE04EC0-301F-11D3-BF4B-00C04F79EFBC}") = "SpeckleRevit", "SpeckleRevitReboot\SpeckleRevit.csproj", "{4937638C-8A51-4F50-9BD2-E7F7AC28DD01}"
EndProject
Project("{2150E333-8FDC-42A3-9474-1A3956D46DE8}") = "Solution Items", "Solution Items", "{F7EFBA3A-9B75-4411-84BB-AB10CB0D18F7}"
	ProjectSection(SolutionItems) = preProject
		readme.md = readme.md
	EndProjectSection
EndProject
Project("{FAE04EC0-301F-11D3-BF4B-00C04F79EFBC}") = "SpeckleCore", "SpeckleCore\SpeckleCore\SpeckleCore.csproj", "{CFE27D3D-8A1A-43F9-9387-8FD9E119E174}"
EndProject
Project("{FAE04EC0-301F-11D3-BF4B-00C04F79EFBC}") = "SpeckleUiBase", "SpeckleUi\SpeckleUiBase\SpeckleUiBase.csproj", "{CE40C576-3B05-443A-A1BA-CB3A796D0084}"
EndProject
Project("{2150E333-8FDC-42A3-9474-1A3956D46DE8}") = "RevitElements", "RevitElements", "{B29A4916-B644-40D8-9911-0F3DACA32176}"
EndProject
Project("{FAE04EC0-301F-11D3-BF4B-00C04F79EFBC}") = "SpeckleElements", "SpeckleElements\SpeckleElementsBuilder\SpeckleElements.csproj", "{F7980709-1E82-44B6-B3F8-0450A1FE6DC3}"
EndProject
Project("{FAE04EC0-301F-11D3-BF4B-00C04F79EFBC}") = "SpeckleElementsClasses", "SpeckleElements\SpeckleElements\SpeckleElementsClasses.csproj", "{42E1DB9C-E4D5-4190-9977-874E8143DCC5}"
EndProject
Project("{FAE04EC0-301F-11D3-BF4B-00C04F79EFBC}") = "SpeckleElementsRevit", "SpeckleElements\SpeckleElementsRevit\SpeckleElementsRevit.csproj", "{C08796BB-C109-4961-AB72-A2A74C06E510}"
EndProject
Global
	GlobalSection(SolutionConfigurationPlatforms) = preSolution
		Debug Dynamo|Any CPU = Debug Dynamo|Any CPU
		Debug Dynamo|x64 = Debug Dynamo|x64
		Debug Rhino|Any CPU = Debug Rhino|Any CPU
		Debug Rhino|x64 = Debug Rhino|x64
		Debug|Any CPU = Debug|Any CPU
		Debug|x64 = Debug|x64
		Release|Any CPU = Release|Any CPU
		Release|x64 = Release|x64
	EndGlobalSection
	GlobalSection(ProjectConfigurationPlatforms) = postSolution
		{4937638C-8A51-4F50-9BD2-E7F7AC28DD01}.Debug Dynamo|Any CPU.ActiveCfg = DebugParallels|Any CPU
		{4937638C-8A51-4F50-9BD2-E7F7AC28DD01}.Debug Dynamo|Any CPU.Build.0 = DebugParallels|Any CPU
		{4937638C-8A51-4F50-9BD2-E7F7AC28DD01}.Debug Dynamo|x64.ActiveCfg = DebugParallels|x64
		{4937638C-8A51-4F50-9BD2-E7F7AC28DD01}.Debug Dynamo|x64.Build.0 = DebugParallels|x64
		{4937638C-8A51-4F50-9BD2-E7F7AC28DD01}.Debug Rhino|Any CPU.ActiveCfg = DebugParallels|Any CPU
		{4937638C-8A51-4F50-9BD2-E7F7AC28DD01}.Debug Rhino|Any CPU.Build.0 = DebugParallels|Any CPU
		{4937638C-8A51-4F50-9BD2-E7F7AC28DD01}.Debug Rhino|x64.ActiveCfg = DebugParallels|x64
		{4937638C-8A51-4F50-9BD2-E7F7AC28DD01}.Debug Rhino|x64.Build.0 = DebugParallels|x64
		{4937638C-8A51-4F50-9BD2-E7F7AC28DD01}.Debug|Any CPU.ActiveCfg = Debug|x64
		{4937638C-8A51-4F50-9BD2-E7F7AC28DD01}.Debug|Any CPU.Build.0 = Debug|x64
		{4937638C-8A51-4F50-9BD2-E7F7AC28DD01}.Debug|x64.ActiveCfg = Debug|x64
		{4937638C-8A51-4F50-9BD2-E7F7AC28DD01}.Debug|x64.Build.0 = Debug|x64
		{4937638C-8A51-4F50-9BD2-E7F7AC28DD01}.Release|Any CPU.ActiveCfg = Release|x64
		{4937638C-8A51-4F50-9BD2-E7F7AC28DD01}.Release|Any CPU.Build.0 = Release|x64
		{4937638C-8A51-4F50-9BD2-E7F7AC28DD01}.Release|x64.ActiveCfg = Release|x64
		{4937638C-8A51-4F50-9BD2-E7F7AC28DD01}.Release|x64.Build.0 = Release|x64
		{CFE27D3D-8A1A-43F9-9387-8FD9E119E174}.Debug Dynamo|Any CPU.ActiveCfg = Debug|Any CPU
		{CFE27D3D-8A1A-43F9-9387-8FD9E119E174}.Debug Dynamo|Any CPU.Build.0 = Debug|Any CPU
		{CFE27D3D-8A1A-43F9-9387-8FD9E119E174}.Debug Dynamo|x64.ActiveCfg = Debug|x64
		{CFE27D3D-8A1A-43F9-9387-8FD9E119E174}.Debug Dynamo|x64.Build.0 = Debug|x64
		{CFE27D3D-8A1A-43F9-9387-8FD9E119E174}.Debug Rhino|Any CPU.ActiveCfg = Debug|Any CPU
		{CFE27D3D-8A1A-43F9-9387-8FD9E119E174}.Debug Rhino|Any CPU.Build.0 = Debug|Any CPU
		{CFE27D3D-8A1A-43F9-9387-8FD9E119E174}.Debug Rhino|x64.ActiveCfg = Debug|x64
		{CFE27D3D-8A1A-43F9-9387-8FD9E119E174}.Debug Rhino|x64.Build.0 = Debug|x64
		{CFE27D3D-8A1A-43F9-9387-8FD9E119E174}.Debug|Any CPU.ActiveCfg = Debug|Any CPU
		{CFE27D3D-8A1A-43F9-9387-8FD9E119E174}.Debug|Any CPU.Build.0 = Debug|Any CPU
		{CFE27D3D-8A1A-43F9-9387-8FD9E119E174}.Debug|x64.ActiveCfg = Debug|Any CPU
		{CFE27D3D-8A1A-43F9-9387-8FD9E119E174}.Debug|x64.Build.0 = Debug|Any CPU
		{CFE27D3D-8A1A-43F9-9387-8FD9E119E174}.Release|Any CPU.ActiveCfg = Release|Any CPU
		{CFE27D3D-8A1A-43F9-9387-8FD9E119E174}.Release|Any CPU.Build.0 = Release|Any CPU
		{CFE27D3D-8A1A-43F9-9387-8FD9E119E174}.Release|x64.ActiveCfg = Release|Any CPU
		{CFE27D3D-8A1A-43F9-9387-8FD9E119E174}.Release|x64.Build.0 = Release|Any CPU
		{CE40C576-3B05-443A-A1BA-CB3A796D0084}.Debug Dynamo|Any CPU.ActiveCfg = Debug|Any CPU
		{CE40C576-3B05-443A-A1BA-CB3A796D0084}.Debug Dynamo|Any CPU.Build.0 = Debug|Any CPU
		{CE40C576-3B05-443A-A1BA-CB3A796D0084}.Debug Dynamo|x64.ActiveCfg = Debug|x64
		{CE40C576-3B05-443A-A1BA-CB3A796D0084}.Debug Dynamo|x64.Build.0 = Debug|x64
		{CE40C576-3B05-443A-A1BA-CB3A796D0084}.Debug Rhino|Any CPU.ActiveCfg = Debug|Any CPU
		{CE40C576-3B05-443A-A1BA-CB3A796D0084}.Debug Rhino|Any CPU.Build.0 = Debug|Any CPU
		{CE40C576-3B05-443A-A1BA-CB3A796D0084}.Debug Rhino|x64.ActiveCfg = Debug|x64
		{CE40C576-3B05-443A-A1BA-CB3A796D0084}.Debug Rhino|x64.Build.0 = Debug|x64
		{CE40C576-3B05-443A-A1BA-CB3A796D0084}.Debug|Any CPU.ActiveCfg = Debug|x64
		{CE40C576-3B05-443A-A1BA-CB3A796D0084}.Debug|Any CPU.Build.0 = Debug|x64
		{CE40C576-3B05-443A-A1BA-CB3A796D0084}.Debug|x64.ActiveCfg = Debug|x64
		{CE40C576-3B05-443A-A1BA-CB3A796D0084}.Debug|x64.Build.0 = Debug|x64
		{CE40C576-3B05-443A-A1BA-CB3A796D0084}.Release|Any CPU.ActiveCfg = Release|x64
		{CE40C576-3B05-443A-A1BA-CB3A796D0084}.Release|Any CPU.Build.0 = Release|x64
		{CE40C576-3B05-443A-A1BA-CB3A796D0084}.Release|x64.ActiveCfg = Release|x64
		{CE40C576-3B05-443A-A1BA-CB3A796D0084}.Release|x64.Build.0 = Release|x64
		{F7980709-1E82-44B6-B3F8-0450A1FE6DC3}.Debug Dynamo|Any CPU.ActiveCfg = Debug|Any CPU
		{F7980709-1E82-44B6-B3F8-0450A1FE6DC3}.Debug Dynamo|Any CPU.Build.0 = Debug|Any CPU
		{F7980709-1E82-44B6-B3F8-0450A1FE6DC3}.Debug Dynamo|x64.ActiveCfg = Debug|Any CPU
		{F7980709-1E82-44B6-B3F8-0450A1FE6DC3}.Debug Dynamo|x64.Build.0 = Debug|Any CPU
		{F7980709-1E82-44B6-B3F8-0450A1FE6DC3}.Debug Rhino|Any CPU.ActiveCfg = Debug|Any CPU
		{F7980709-1E82-44B6-B3F8-0450A1FE6DC3}.Debug Rhino|Any CPU.Build.0 = Debug|Any CPU
		{F7980709-1E82-44B6-B3F8-0450A1FE6DC3}.Debug Rhino|x64.ActiveCfg = Debug|Any CPU
		{F7980709-1E82-44B6-B3F8-0450A1FE6DC3}.Debug Rhino|x64.Build.0 = Debug|Any CPU
		{F7980709-1E82-44B6-B3F8-0450A1FE6DC3}.Debug|Any CPU.ActiveCfg = Debug|Any CPU
		{F7980709-1E82-44B6-B3F8-0450A1FE6DC3}.Debug|Any CPU.Build.0 = Debug|Any CPU
		{F7980709-1E82-44B6-B3F8-0450A1FE6DC3}.Debug|x64.ActiveCfg = Debug|Any CPU
		{F7980709-1E82-44B6-B3F8-0450A1FE6DC3}.Debug|x64.Build.0 = Debug|Any CPU
		{F7980709-1E82-44B6-B3F8-0450A1FE6DC3}.Release|Any CPU.ActiveCfg = Release|Any CPU
		{F7980709-1E82-44B6-B3F8-0450A1FE6DC3}.Release|Any CPU.Build.0 = Release|Any CPU
		{F7980709-1E82-44B6-B3F8-0450A1FE6DC3}.Release|x64.ActiveCfg = Release|Any CPU
		{F7980709-1E82-44B6-B3F8-0450A1FE6DC3}.Release|x64.Build.0 = Release|Any CPU
		{42E1DB9C-E4D5-4190-9977-874E8143DCC5}.Debug Dynamo|Any CPU.ActiveCfg = Debug|Any CPU
		{42E1DB9C-E4D5-4190-9977-874E8143DCC5}.Debug Dynamo|Any CPU.Build.0 = Debug|Any CPU
		{42E1DB9C-E4D5-4190-9977-874E8143DCC5}.Debug Dynamo|x64.ActiveCfg = Debug|Any CPU
		{42E1DB9C-E4D5-4190-9977-874E8143DCC5}.Debug Dynamo|x64.Build.0 = Debug|Any CPU
		{42E1DB9C-E4D5-4190-9977-874E8143DCC5}.Debug Rhino|Any CPU.ActiveCfg = Debug|Any CPU
		{42E1DB9C-E4D5-4190-9977-874E8143DCC5}.Debug Rhino|Any CPU.Build.0 = Debug|Any CPU
		{42E1DB9C-E4D5-4190-9977-874E8143DCC5}.Debug Rhino|x64.ActiveCfg = Debug|Any CPU
		{42E1DB9C-E4D5-4190-9977-874E8143DCC5}.Debug Rhino|x64.Build.0 = Debug|Any CPU
		{42E1DB9C-E4D5-4190-9977-874E8143DCC5}.Debug|Any CPU.ActiveCfg = Debug|Any CPU
		{42E1DB9C-E4D5-4190-9977-874E8143DCC5}.Debug|Any CPU.Build.0 = Debug|Any CPU
		{42E1DB9C-E4D5-4190-9977-874E8143DCC5}.Debug|x64.ActiveCfg = Debug|Any CPU
		{42E1DB9C-E4D5-4190-9977-874E8143DCC5}.Debug|x64.Build.0 = Debug|Any CPU
		{42E1DB9C-E4D5-4190-9977-874E8143DCC5}.Release|Any CPU.ActiveCfg = Release|Any CPU
		{42E1DB9C-E4D5-4190-9977-874E8143DCC5}.Release|Any CPU.Build.0 = Release|Any CPU
		{42E1DB9C-E4D5-4190-9977-874E8143DCC5}.Release|x64.ActiveCfg = Release|Any CPU
		{42E1DB9C-E4D5-4190-9977-874E8143DCC5}.Release|x64.Build.0 = Release|Any CPU
		{C08796BB-C109-4961-AB72-A2A74C06E510}.Debug Dynamo|Any CPU.ActiveCfg = Debug|Any CPU
		{C08796BB-C109-4961-AB72-A2A74C06E510}.Debug Dynamo|Any CPU.Build.0 = Debug|Any CPU
		{C08796BB-C109-4961-AB72-A2A74C06E510}.Debug Dynamo|x64.ActiveCfg = Debug|Any CPU
		{C08796BB-C109-4961-AB72-A2A74C06E510}.Debug Dynamo|x64.Build.0 = Debug|Any CPU
		{C08796BB-C109-4961-AB72-A2A74C06E510}.Debug Rhino|Any CPU.ActiveCfg = Debug|Any CPU
		{C08796BB-C109-4961-AB72-A2A74C06E510}.Debug Rhino|Any CPU.Build.0 = Debug|Any CPU
		{C08796BB-C109-4961-AB72-A2A74C06E510}.Debug Rhino|x64.ActiveCfg = Debug|Any CPU
		{C08796BB-C109-4961-AB72-A2A74C06E510}.Debug Rhino|x64.Build.0 = Debug|Any CPU
		{C08796BB-C109-4961-AB72-A2A74C06E510}.Debug|Any CPU.ActiveCfg = Debug|Any CPU
		{C08796BB-C109-4961-AB72-A2A74C06E510}.Debug|Any CPU.Build.0 = Debug|Any CPU
		{C08796BB-C109-4961-AB72-A2A74C06E510}.Debug|x64.ActiveCfg = Debug|Any CPU
		{C08796BB-C109-4961-AB72-A2A74C06E510}.Debug|x64.Build.0 = Debug|Any CPU
		{C08796BB-C109-4961-AB72-A2A74C06E510}.Release|Any CPU.ActiveCfg = Release|Any CPU
		{C08796BB-C109-4961-AB72-A2A74C06E510}.Release|Any CPU.Build.0 = Release|Any CPU
		{C08796BB-C109-4961-AB72-A2A74C06E510}.Release|x64.ActiveCfg = Release|Any CPU
		{C08796BB-C109-4961-AB72-A2A74C06E510}.Release|x64.Build.0 = Release|Any CPU
	EndGlobalSection
	GlobalSection(SolutionProperties) = preSolution
		HideSolutionNode = FALSE
	EndGlobalSection
	GlobalSection(NestedProjects) = preSolution
		{F7980709-1E82-44B6-B3F8-0450A1FE6DC3} = {B29A4916-B644-40D8-9911-0F3DACA32176}
		{42E1DB9C-E4D5-4190-9977-874E8143DCC5} = {B29A4916-B644-40D8-9911-0F3DACA32176}
		{C08796BB-C109-4961-AB72-A2A74C06E510} = {B29A4916-B644-40D8-9911-0F3DACA32176}
	EndGlobalSection
	GlobalSection(ExtensibilityGlobals) = postSolution
		SolutionGuid = {82090FED-8443-42DC-8044-0F5C611A25F8}
	EndGlobalSection
EndGlobal
